
Microsoft Visual Studio Solution File, Format Version 12.00
# Visual Studio 14
VisualStudioVersion = 14.0.23107.0
MinimumVisualStudioVersion = 10.0.40219.1
Project("{2150E333-8FDC-42A3-9474-1A3956D46DE8}") = "0 Common", "0 Common", "{3EB9BB1E-769A-4829-A49C-0F527F02EDB4}"
EndProject
Project("{2150E333-8FDC-42A3-9474-1A3956D46DE8}") = "Models", "Models", "{881188DF-A485-4D38-A0C8-3DDC98D1FF1E}"
EndProject
Project("{FAE04EC0-301F-11D3-BF4B-00C04F79EFBC}") = "OpenQubit.Production.Common.Models", "Production.Common.Models\OpenQubit.Production.Common.Models.csproj", "{07567714-BDD2-4B25-8B19-7AF74A8CA40A}"
EndProject
Project("{2150E333-8FDC-42A3-9474-1A3956D46DE8}") = "04 DataAccess", "04 DataAccess", "{612E7406-9E38-40E3-8177-B02901FDDF4B}"
EndProject
Project("{FAE04EC0-301F-11D3-BF4B-00C04F79EFBC}") = "OpenQubit.Production.DataAccess.DAL", "OpenQubit.Production.DataAccess.DAL\OpenQubit.Production.DataAccess.DAL.csproj", "{4F57B1ED-0485-4B0E-9BCF-95B0536B0D99}"
EndProject
Project("{2150E333-8FDC-42A3-9474-1A3956D46DE8}") = "03 Service", "03 Service", "{23A62DC0-3B95-4289-811B-999A7EDD972B}"
EndProject
Project("{FAE04EC0-301F-11D3-BF4B-00C04F79EFBC}") = "OpenQubit.Production.Service.Services", "OpenQubit.Production.Service.Services\OpenQubit.Production.Service.Services.csproj", "{D0C7769B-403F-4068-87EA-52E0B4610A5B}"
EndProject
Global
	GlobalSection(SolutionConfigurationPlatforms) = preSolution
		Debug|Any CPU = Debug|Any CPU
		OpenQubit.Production|Any CPU = OpenQubit.Production|Any CPU
		Release|Any CPU = Release|Any CPU
	EndGlobalSection
	GlobalSection(ProjectConfigurationPlatforms) = postSolution
		{07567714-BDD2-4B25-8B19-7AF74A8CA40A}.Debug|Any CPU.ActiveCfg = Debug|Any CPU
		{07567714-BDD2-4B25-8B19-7AF74A8CA40A}.Debug|Any CPU.Build.0 = Debug|Any CPU
		{07567714-BDD2-4B25-8B19-7AF74A8CA40A}.OpenQubit.Production|Any CPU.ActiveCfg = OpenQubit.Production|Any CPU
		{07567714-BDD2-4B25-8B19-7AF74A8CA40A}.OpenQubit.Production|Any CPU.Build.0 = OpenQubit.Production|Any CPU
		{07567714-BDD2-4B25-8B19-7AF74A8CA40A}.Release|Any CPU.ActiveCfg = Release|Any CPU
		{07567714-BDD2-4B25-8B19-7AF74A8CA40A}.Release|Any CPU.Build.0 = Release|Any CPU
		{4F57B1ED-0485-4B0E-9BCF-95B0536B0D99}.Debug|Any CPU.ActiveCfg = Debug|Any CPU
		{4F57B1ED-0485-4B0E-9BCF-95B0536B0D99}.Debug|Any CPU.Build.0 = Debug|Any CPU
		{4F57B1ED-0485-4B0E-9BCF-95B0536B0D99}.OpenQubit.Production|Any CPU.ActiveCfg = Release|Any CPU
		{4F57B1ED-0485-4B0E-9BCF-95B0536B0D99}.OpenQubit.Production|Any CPU.Build.0 = Release|Any CPU
		{4F57B1ED-0485-4B0E-9BCF-95B0536B0D99}.Release|Any CPU.ActiveCfg = Release|Any CPU
		{4F57B1ED-0485-4B0E-9BCF-95B0536B0D99}.Release|Any CPU.Build.0 = Release|Any CPU
		{D0C7769B-403F-4068-87EA-52E0B4610A5B}.Debug|Any CPU.ActiveCfg = Debug|Any CPU
		{D0C7769B-403F-4068-87EA-52E0B4610A5B}.Debug|Any CPU.Build.0 = Debug|Any CPU
		{D0C7769B-403F-4068-87EA-52E0B4610A5B}.OpenQubit.Production|Any CPU.ActiveCfg = Release|Any CPU
		{D0C7769B-403F-4068-87EA-52E0B4610A5B}.OpenQubit.Production|Any CPU.Build.0 = Release|Any CPU
		{D0C7769B-403F-4068-87EA-52E0B4610A5B}.Release|Any CPU.ActiveCfg = Release|Any CPU
		{D0C7769B-403F-4068-87EA-52E0B4610A5B}.Release|Any CPU.Build.0 = Release|Any CPU
	EndGlobalSection
	GlobalSection(SolutionProperties) = preSolution
		HideSolutionNode = FALSE
	EndGlobalSection
	GlobalSection(NestedProjects) = preSolution
		{881188DF-A485-4D38-A0C8-3DDC98D1FF1E} = {3EB9BB1E-769A-4829-A49C-0F527F02EDB4}
		{07567714-BDD2-4B25-8B19-7AF74A8CA40A} = {881188DF-A485-4D38-A0C8-3DDC98D1FF1E}
		{4F57B1ED-0485-4B0E-9BCF-95B0536B0D99} = {612E7406-9E38-40E3-8177-B02901FDDF4B}
		{D0C7769B-403F-4068-87EA-52E0B4610A5B} = {23A62DC0-3B95-4289-811B-999A7EDD972B}
	EndGlobalSection
EndGlobal
