
Microsoft Visual Studio Solution File, Format Version 12.00
# Visual Studio 14
VisualStudioVersion = 14.0.23107.0
MinimumVisualStudioVersion = 10.0.40219.1
Project("{2150E333-8FDC-42A3-9474-1A3956D46DE8}") = "0 Common", "0 Common", "{3EB9BB1E-769A-4829-A49C-0F527F02EDB4}"
EndProject
Project("{2150E333-8FDC-42A3-9474-1A3956D46DE8}") = "Models", "Models", "{881188DF-A485-4D38-A0C8-3DDC98D1FF1E}"
EndProject
Project("{FAE04EC0-301F-11D3-BF4B-00C04F79EFBC}") = "OpenQubit.Production.Common.Models", "Production.Common.Models\OpenQubit.Production.Common.Models.csproj", "{07567714-BDD2-4B25-8B19-7AF74A8CA40A}"
EndProject
Global
	GlobalSection(SolutionConfigurationPlatforms) = preSolution
		Debug|Any CPU = Debug|Any CPU
		OpenQubit.Production|Any CPU = OpenQubit.Production|Any CPU
		Release|Any CPU = Release|Any CPU
	EndGlobalSection
	GlobalSection(ProjectConfigurationPlatforms) = postSolution
		{07567714-BDD2-4B25-8B19-7AF74A8CA40A}.Debug|Any CPU.ActiveCfg = Debug|Any CPU
		{07567714-BDD2-4B25-8B19-7AF74A8CA40A}.Debug|Any CPU.Build.0 = Debug|Any CPU
		{07567714-BDD2-4B25-8B19-7AF74A8CA40A}.OpenQubit.Production|Any CPU.ActiveCfg = OpenQubit.Production|Any CPU
		{07567714-BDD2-4B25-8B19-7AF74A8CA40A}.OpenQubit.Production|Any CPU.Build.0 = OpenQubit.Production|Any CPU
		{07567714-BDD2-4B25-8B19-7AF74A8CA40A}.Release|Any CPU.ActiveCfg = Release|Any CPU
		{07567714-BDD2-4B25-8B19-7AF74A8CA40A}.Release|Any CPU.Build.0 = Release|Any CPU
	EndGlobalSection
	GlobalSection(SolutionProperties) = preSolution
		HideSolutionNode = FALSE
	EndGlobalSection
	GlobalSection(NestedProjects) = preSolution
		{881188DF-A485-4D38-A0C8-3DDC98D1FF1E} = {3EB9BB1E-769A-4829-A49C-0F527F02EDB4}
		{07567714-BDD2-4B25-8B19-7AF74A8CA40A} = {881188DF-A485-4D38-A0C8-3DDC98D1FF1E}
	EndGlobalSection
EndGlobal
